
Microsoft Visual Studio Solution File, Format Version 12.00
# Visual Studio Version 16
VisualStudioVersion = 16.0.29905.134
MinimumVisualStudioVersion = 10.0.40219.1
Project("{FAE04EC0-301F-11D3-BF4B-00C04F79EFBC}") = "OMSWeb", "OMSWeb\OMSWeb.csproj", "{6B958DED-9C59-4855-87AD-4FFF897027CC}"
EndProject
Global
	GlobalSection(SolutionConfigurationPlatforms) = preSolution
		Debug|Any CPU = Debug|Any CPU
		Release|Any CPU = Release|Any CPU
	EndGlobalSection
	GlobalSection(ProjectConfigurationPlatforms) = postSolution
		{6B958DED-9C59-4855-87AD-4FFF897027CC}.Debug|Any CPU.ActiveCfg = Debug|Any CPU
		{6B958DED-9C59-4855-87AD-4FFF897027CC}.Debug|Any CPU.Build.0 = Debug|Any CPU
		{6B958DED-9C59-4855-87AD-4FFF897027CC}.Release|Any CPU.ActiveCfg = Release|Any CPU
		{6B958DED-9C59-4855-87AD-4FFF897027CC}.Release|Any CPU.Build.0 = Release|Any CPU
	EndGlobalSection
	GlobalSection(SolutionProperties) = preSolution
		HideSolutionNode = FALSE
	EndGlobalSection
	GlobalSection(ExtensibilityGlobals) = postSolution
		SolutionGuid = {2AA4AA4F-2A9A-4811-9D6B-42B5AA240BEA}
	EndGlobalSection
EndGlobal
